
Microsoft Visual Studio Solution File, Format Version 11.00
# Visual Studio 2010
Project("{8BC9CEB8-8B4A-11D0-8D11-00A0C91BC942}") = "Graphics_Engine", "Graphics_Engine.vcxproj", "{723E937F-ACBC-45CE-995D-C83A4C7DDCCD}"
EndProject
Global
	GlobalSection(SolutionConfigurationPlatforms) = preSolution
		Debug|Win32 = Debug|Win32
		Release|Win32 = Release|Win32
	EndGlobalSection
	GlobalSection(ProjectConfigurationPlatforms) = postSolution
		{723E937F-ACBC-45CE-995D-C83A4C7DDCCD}.Debug|Win32.ActiveCfg = Debug|Win32
		{723E937F-ACBC-45CE-995D-C83A4C7DDCCD}.Debug|Win32.Build.0 = Debug|Win32
		{723E937F-ACBC-45CE-995D-C83A4C7DDCCD}.Release|Win32.ActiveCfg = Release|Win32
		{723E937F-ACBC-45CE-995D-C83A4C7DDCCD}.Release|Win32.Build.0 = Release|Win32
	EndGlobalSection
	GlobalSection(SolutionProperties) = preSolution
		HideSolutionNode = FALSE
	EndGlobalSection
EndGlobal
