
Microsoft Visual Studio Solution File, Format Version 11.00
# Visual Studio 2010
Project("{8BC9CEB8-8B4A-11D0-8D11-00A0C91BC942}") = "MileStone1_proj", "MileStone1_proj\MileStone1_proj.vcxproj", "{19FD3A19-53E6-45A6-B3A6-70CC66522A96}"
EndProject
Global
	GlobalSection(SolutionConfigurationPlatforms) = preSolution
		Debug|Win32 = Debug|Win32
		Release|Win32 = Release|Win32
	EndGlobalSection
	GlobalSection(ProjectConfigurationPlatforms) = postSolution
		{19FD3A19-53E6-45A6-B3A6-70CC66522A96}.Debug|Win32.ActiveCfg = Debug|Win32
		{19FD3A19-53E6-45A6-B3A6-70CC66522A96}.Debug|Win32.Build.0 = Debug|Win32
		{19FD3A19-53E6-45A6-B3A6-70CC66522A96}.Release|Win32.ActiveCfg = Release|Win32
		{19FD3A19-53E6-45A6-B3A6-70CC66522A96}.Release|Win32.Build.0 = Release|Win32
	EndGlobalSection
	GlobalSection(SolutionProperties) = preSolution
		HideSolutionNode = FALSE
	EndGlobalSection
EndGlobal
